
Microsoft Visual Studio Solution File, Format Version 12.00
# Visual Studio Version 17
VisualStudioVersion = 17.11.35327.3
MinimumVisualStudioVersion = 10.0.40219.1
Project("{FAE04EC0-301F-11D3-BF4B-00C04F79EFBC}") = "Pendler Wettervorhersage", "Pendler Wettervorhersage\Pendler Wettervorhersage.csproj", "{CCEF23A0-69A3-46AD-9518-71AF34C11777}"
EndProject
Global
	GlobalSection(SolutionConfigurationPlatforms) = preSolution
		Debug|Any CPU = Debug|Any CPU
		Release|Any CPU = Release|Any CPU
	EndGlobalSection
	GlobalSection(ProjectConfigurationPlatforms) = postSolution
		{CCEF23A0-69A3-46AD-9518-71AF34C11777}.Debug|Any CPU.ActiveCfg = Debug|Any CPU
		{CCEF23A0-69A3-46AD-9518-71AF34C11777}.Debug|Any CPU.Build.0 = Debug|Any CPU
		{CCEF23A0-69A3-46AD-9518-71AF34C11777}.Release|Any CPU.ActiveCfg = Release|Any CPU
		{CCEF23A0-69A3-46AD-9518-71AF34C11777}.Release|Any CPU.Build.0 = Release|Any CPU
	EndGlobalSection
	GlobalSection(SolutionProperties) = preSolution
		HideSolutionNode = FALSE
	EndGlobalSection
	GlobalSection(ExtensibilityGlobals) = postSolution
		SolutionGuid = {4CA55121-BF75-47B2-BDC2-7D8298C48108}
	EndGlobalSection
EndGlobal
